
Microsoft Visual Studio Solution File, Format Version 12.00
# Visual Studio Version 17
VisualStudioVersion = 17.11.35005.142
MinimumVisualStudioVersion = 10.0.40219.1
Project("{2150E333-8FDC-42A3-9474-1A3956D46DE8}") = "FrontEnd", "FrontEnd", "{862B6877-E99F-4B8A-B1D2-511B184A40BF}"
EndProject
Project("{2150E333-8FDC-42A3-9474-1A3956D46DE8}") = "Gateway", "Gateway", "{C3FC39B4-CB30-4AB8-91DE-F553A85B5960}"
EndProject
Project("{2150E333-8FDC-42A3-9474-1A3956D46DE8}") = "Integration", "Integration", "{B9461BFA-B032-4274-8180-98DE146140EA}"
EndProject
Project("{2150E333-8FDC-42A3-9474-1A3956D46DE8}") = "Services", "Services", "{58FEB4A3-E700-43CA-BFC9-4D93D076FC33}"
EndProject
Project("{9A19103F-16F7-4668-BE54-9A1E7A4F7556}") = "Mango.Web", "Mango.Web\Mango.Web.csproj", "{B0B93BFE-77CA-47CC-9133-950B2C24EBED}"
EndProject
Project("{9A19103F-16F7-4668-BE54-9A1E7A4F7556}") = "Mango.Services.CouponAPI", "Mango.Services.CouponAPI\Mango.Services.CouponAPI.csproj", "{3B444BC3-EAC0-46BB-80F5-52E19CBC29B4}"
EndProject
Project("{9A19103F-16F7-4668-BE54-9A1E7A4F7556}") = "Mango.Service.AuthAPI", "Mango.Service.AuthAPI\Mango.Service.AuthAPI.csproj", "{8BC41D5D-387E-4D77-AA44-7B9985B9C3C3}"
EndProject
Project("{9A19103F-16F7-4668-BE54-9A1E7A4F7556}") = "Mango.Services.ProductAPI", "Mango.Services.ProductAPI\Mango.Services.ProductAPI.csproj", "{9DBA725F-381B-44BA-BB50-4D303136CA52}"
EndProject
Project("{9A19103F-16F7-4668-BE54-9A1E7A4F7556}") = "Mango.Services.ShoppingCartAPI", "Mango.Services.ShoppingCartAPI\Mango.Services.ShoppingCartAPI.csproj", "{F5978EAE-A092-486F-828D-59F9463E03D0}"
EndProject
Project("{9A19103F-16F7-4668-BE54-9A1E7A4F7556}") = "Mango.MessageBus", "Mango.MessageBus\Mango.MessageBus.csproj", "{7C5DAE3A-1B07-4B22-901E-37A3397026B1}"
EndProject
Project("{9A19103F-16F7-4668-BE54-9A1E7A4F7556}") = "Mango.Services.EmailAPI", "Mango.Services.EmailAPI\Mango.Services.EmailAPI.csproj", "{0B1E9A02-2795-4181-8024-7589DC02DCC9}"
EndProject
Project("{9A19103F-16F7-4668-BE54-9A1E7A4F7556}") = "Mango.Services.OrderAPI", "Mango.Services.OrderAPI\Mango.Services.OrderAPI.csproj", "{E2FF6F69-E91F-4A72-BE36-178DF269C4D5}"
EndProject
Project("{9A19103F-16F7-4668-BE54-9A1E7A4F7556}") = "Mango.Services.RewardAPI", "Mango.Services.RewardAPI\Mango.Services.RewardAPI.csproj", "{C3CB4CC3-167C-4570-A5F2-8F6540E1CF5B}"
EndProject
Project("{FAE04EC0-301F-11D3-BF4B-00C04F79EFBC}") = "Mango.GatewaySolution", "Mango.GatewaySolution\Mango.GatewaySolution.csproj", "{D5CB1DA5-3E68-4038-81B9-7459C4F162DD}"
EndProject
Global
	GlobalSection(SolutionConfigurationPlatforms) = preSolution
		Debug|Any CPU = Debug|Any CPU
		Release|Any CPU = Release|Any CPU
	EndGlobalSection
	GlobalSection(ProjectConfigurationPlatforms) = postSolution
		{B0B93BFE-77CA-47CC-9133-950B2C24EBED}.Debug|Any CPU.ActiveCfg = Debug|Any CPU
		{B0B93BFE-77CA-47CC-9133-950B2C24EBED}.Debug|Any CPU.Build.0 = Debug|Any CPU
		{B0B93BFE-77CA-47CC-9133-950B2C24EBED}.Release|Any CPU.ActiveCfg = Release|Any CPU
		{B0B93BFE-77CA-47CC-9133-950B2C24EBED}.Release|Any CPU.Build.0 = Release|Any CPU
		{3B444BC3-EAC0-46BB-80F5-52E19CBC29B4}.Debug|Any CPU.ActiveCfg = Debug|Any CPU
		{3B444BC3-EAC0-46BB-80F5-52E19CBC29B4}.Debug|Any CPU.Build.0 = Debug|Any CPU
		{3B444BC3-EAC0-46BB-80F5-52E19CBC29B4}.Release|Any CPU.ActiveCfg = Release|Any CPU
		{3B444BC3-EAC0-46BB-80F5-52E19CBC29B4}.Release|Any CPU.Build.0 = Release|Any CPU
		{8BC41D5D-387E-4D77-AA44-7B9985B9C3C3}.Debug|Any CPU.ActiveCfg = Debug|Any CPU
		{8BC41D5D-387E-4D77-AA44-7B9985B9C3C3}.Debug|Any CPU.Build.0 = Debug|Any CPU
		{8BC41D5D-387E-4D77-AA44-7B9985B9C3C3}.Release|Any CPU.ActiveCfg = Release|Any CPU
		{8BC41D5D-387E-4D77-AA44-7B9985B9C3C3}.Release|Any CPU.Build.0 = Release|Any CPU
		{9DBA725F-381B-44BA-BB50-4D303136CA52}.Debug|Any CPU.ActiveCfg = Debug|Any CPU
		{9DBA725F-381B-44BA-BB50-4D303136CA52}.Debug|Any CPU.Build.0 = Debug|Any CPU
		{9DBA725F-381B-44BA-BB50-4D303136CA52}.Release|Any CPU.ActiveCfg = Release|Any CPU
		{9DBA725F-381B-44BA-BB50-4D303136CA52}.Release|Any CPU.Build.0 = Release|Any CPU
		{F5978EAE-A092-486F-828D-59F9463E03D0}.Debug|Any CPU.ActiveCfg = Debug|Any CPU
		{F5978EAE-A092-486F-828D-59F9463E03D0}.Debug|Any CPU.Build.0 = Debug|Any CPU
		{F5978EAE-A092-486F-828D-59F9463E03D0}.Release|Any CPU.ActiveCfg = Release|Any CPU
		{F5978EAE-A092-486F-828D-59F9463E03D0}.Release|Any CPU.Build.0 = Release|Any CPU
		{7C5DAE3A-1B07-4B22-901E-37A3397026B1}.Debug|Any CPU.ActiveCfg = Debug|Any CPU
		{7C5DAE3A-1B07-4B22-901E-37A3397026B1}.Debug|Any CPU.Build.0 = Debug|Any CPU
		{7C5DAE3A-1B07-4B22-901E-37A3397026B1}.Release|Any CPU.ActiveCfg = Release|Any CPU
		{7C5DAE3A-1B07-4B22-901E-37A3397026B1}.Release|Any CPU.Build.0 = Release|Any CPU
		{0B1E9A02-2795-4181-8024-7589DC02DCC9}.Debug|Any CPU.ActiveCfg = Debug|Any CPU
		{0B1E9A02-2795-4181-8024-7589DC02DCC9}.Debug|Any CPU.Build.0 = Debug|Any CPU
		{0B1E9A02-2795-4181-8024-7589DC02DCC9}.Release|Any CPU.ActiveCfg = Release|Any CPU
		{0B1E9A02-2795-4181-8024-7589DC02DCC9}.Release|Any CPU.Build.0 = Release|Any CPU
		{E2FF6F69-E91F-4A72-BE36-178DF269C4D5}.Debug|Any CPU.ActiveCfg = Debug|Any CPU
		{E2FF6F69-E91F-4A72-BE36-178DF269C4D5}.Debug|Any CPU.Build.0 = Debug|Any CPU
		{E2FF6F69-E91F-4A72-BE36-178DF269C4D5}.Release|Any CPU.ActiveCfg = Release|Any CPU
		{E2FF6F69-E91F-4A72-BE36-178DF269C4D5}.Release|Any CPU.Build.0 = Release|Any CPU
		{C3CB4CC3-167C-4570-A5F2-8F6540E1CF5B}.Debug|Any CPU.ActiveCfg = Debug|Any CPU
		{C3CB4CC3-167C-4570-A5F2-8F6540E1CF5B}.Debug|Any CPU.Build.0 = Debug|Any CPU
		{C3CB4CC3-167C-4570-A5F2-8F6540E1CF5B}.Release|Any CPU.ActiveCfg = Release|Any CPU
		{C3CB4CC3-167C-4570-A5F2-8F6540E1CF5B}.Release|Any CPU.Build.0 = Release|Any CPU
		{D5CB1DA5-3E68-4038-81B9-7459C4F162DD}.Debug|Any CPU.ActiveCfg = Debug|Any CPU
		{D5CB1DA5-3E68-4038-81B9-7459C4F162DD}.Debug|Any CPU.Build.0 = Debug|Any CPU
		{D5CB1DA5-3E68-4038-81B9-7459C4F162DD}.Release|Any CPU.ActiveCfg = Release|Any CPU
		{D5CB1DA5-3E68-4038-81B9-7459C4F162DD}.Release|Any CPU.Build.0 = Release|Any CPU
	EndGlobalSection
	GlobalSection(SolutionProperties) = preSolution
		HideSolutionNode = FALSE
	EndGlobalSection
	GlobalSection(NestedProjects) = preSolution
		{B0B93BFE-77CA-47CC-9133-950B2C24EBED} = {862B6877-E99F-4B8A-B1D2-511B184A40BF}
		{3B444BC3-EAC0-46BB-80F5-52E19CBC29B4} = {58FEB4A3-E700-43CA-BFC9-4D93D076FC33}
		{8BC41D5D-387E-4D77-AA44-7B9985B9C3C3} = {58FEB4A3-E700-43CA-BFC9-4D93D076FC33}
		{9DBA725F-381B-44BA-BB50-4D303136CA52} = {58FEB4A3-E700-43CA-BFC9-4D93D076FC33}
		{F5978EAE-A092-486F-828D-59F9463E03D0} = {58FEB4A3-E700-43CA-BFC9-4D93D076FC33}
		{7C5DAE3A-1B07-4B22-901E-37A3397026B1} = {B9461BFA-B032-4274-8180-98DE146140EA}
		{0B1E9A02-2795-4181-8024-7589DC02DCC9} = {58FEB4A3-E700-43CA-BFC9-4D93D076FC33}
		{E2FF6F69-E91F-4A72-BE36-178DF269C4D5} = {58FEB4A3-E700-43CA-BFC9-4D93D076FC33}
		{C3CB4CC3-167C-4570-A5F2-8F6540E1CF5B} = {58FEB4A3-E700-43CA-BFC9-4D93D076FC33}
		{D5CB1DA5-3E68-4038-81B9-7459C4F162DD} = {C3FC39B4-CB30-4AB8-91DE-F553A85B5960}
	EndGlobalSection
	GlobalSection(ExtensibilityGlobals) = postSolution
		SolutionGuid = {6D5A4B27-345A-4D82-8BB0-059C3AC119F1}
	EndGlobalSection
EndGlobal
